{
    "name": "@cleverbrush/todo-shared",
    "version": "0.0.0-beta-20260416114445",
    "lockfileVersion": 3,
    "requires": true,
    "packages": {
        "": {
            "name": "@cleverbrush/todo-shared",
            "version": "0.0.0-beta-20260416114445",
            "license": "BSD 3-Clause",
            "dependencies": {
                "@cleverbrush/schema": "0.0.0-beta-20260416151233",
                "@cleverbrush/server": "0.0.0-beta-20260416151233"
            },
            "devDependencies": {
                "typescript": "^6.0.2"
            }
        },
        "node_modules/@cleverbrush/auth": {
            "version": "0.0.0-beta-20260416151233",
            "license": "BSD 3-Clause",
            "dependencies": {
                "@cleverbrush/schema": "0.0.0-beta-20260416151233"
            }
        },
        "node_modules/@cleverbrush/di": {
            "version": "0.0.0-beta-20260416151233",
            "license": "BSD 3-Clause",
            "dependencies": {
                "@cleverbrush/schema": "0.0.0-beta-20260416151233"
            }
        },
        "node_modules/@cleverbrush/schema": {
            "version": "0.0.0-beta-20260416151233",
            "license": "BSD 3-Clause",
            "peerDependencies": {
                "@standard-schema/spec": "^1.1.0"
            }
        },
        "node_modules/@cleverbrush/server": {
            "version": "0.0.0-beta-20260416151233",
            "license": "BSD 3-Clause",
            "dependencies": {
                "@cleverbrush/auth": "0.0.0-beta-20260416151233",
                "@cleverbrush/di": "0.0.0-beta-20260416151233",
                "@cleverbrush/schema": "0.0.0-beta-20260416151233"
            }
        },
        "node_modules/@standard-schema/spec": {
            "version": "1.1.0",
            "resolved": "https://registry.npmjs.org/@standard-schema/spec/-/spec-1.1.0.tgz",
            "integrity": "sha512-l2aFy5jALhniG5HgqrD6jXLi/rUWrKvqN/qJx6yoJsgKhblVd+iqqU4RCXavm/jPityDo5TCvKMnpjKnOriy0w==",
            "license": "MIT",
            "peer": true
        },
        "node_modules/typescript": {
            "version": "6.0.2",
            "resolved": "https://registry.npmjs.org/typescript/-/typescript-6.0.2.tgz",
            "integrity": "sha512-bGdAIrZ0wiGDo5l8c++HWtbaNCWTS4UTv7RaTH/ThVIgjkveJt83m74bBHMJkuCbslY8ixgLBVZJIOiQlQTjfQ==",
            "dev": true,
            "license": "Apache-2.0",
            "bin": {
                "tsc": "bin/tsc",
                "tsserver": "bin/tsserver"
            },
            "engines": {
                "node": ">=14.17"
            }
        }
    }
}
